Microsoft Visual Studio Solution File, Format Version 8.00
Project("{8BC9CEB8-8B4A-11D0-8D11-00A0C91BC942}") = "motion_blur", "motion_blur.vcproj", "{F17AD817-485E-43F2-831A-7C4C99D39638}"
	ProjectSection(ProjectDependencies) = postProject
	EndProjectSection
EndProject
Global
	GlobalSection(SolutionConfiguration) = preSolution
		Debug Multithreaded DLL = Debug Multithreaded DLL
		Release Multithreaded DLL = Release Multithreaded DLL
		Release Multithreaded DLL with PDB = Release Multithreaded DLL with PDB
	EndGlobalSection
	GlobalSection(ProjectConfiguration) = postSolution
		{F17AD817-485E-43F2-831A-7C4C99D39638}.Debug Multithreaded DLL.ActiveCfg = Debug Multithreaded DLL|Win32
		{F17AD817-485E-43F2-831A-7C4C99D39638}.Debug Multithreaded DLL.Build.0 = Debug Multithreaded DLL|Win32
		{F17AD817-485E-43F2-831A-7C4C99D39638}.Release Multithreaded DLL.ActiveCfg = Release Multithreaded DLL|Win32
		{F17AD817-485E-43F2-831A-7C4C99D39638}.Release Multithreaded DLL.Build.0 = Release Multithreaded DLL|Win32
		{F17AD817-485E-43F2-831A-7C4C99D39638}.Release Multithreaded DLL with PDB.ActiveCfg = Release Multithreaded DLL|Win32
		{F17AD817-485E-43F2-831A-7C4C99D39638}.Release Multithreaded DLL with PDB.Build.0 = Release Multithreaded DLL|Win32
	EndGlobalSection
	GlobalSection(ExtensibilityGlobals) = postSolution
	EndGlobalSection
	GlobalSection(ExtensibilityAddIns) = postSolution
	EndGlobalSection
EndGlobal
